
Microsoft Visual Studio Solution File, Format Version 12.00
# Visual Studio Version 16
VisualStudioVersion = 16.0.30711.63
MinimumVisualStudioVersion = 10.0.40219.1
Project("{FAE04EC0-301F-11D3-BF4B-00C04F79EFBC}") = "Huffman", "Huffman\Huffman.csproj", "{74D9E296-B011-48A3-84ED-71CAC8AC40A8}"
EndProject
Project("{FAE04EC0-301F-11D3-BF4B-00C04F79EFBC}") = "HuffmanCode", "HuffmanCode\HuffmanCode.csproj", "{1BAEB8FB-C03F-4CF9-BBBF-1EB9631DBA1A}"
EndProject
Project("{FAE04EC0-301F-11D3-BF4B-00C04F79EFBC}") = "HuffmanWindowsForms", "HuffmanWindowsForms\HuffmanWindowsForms.csproj", "{4C453B19-DBDF-41F1-AD11-3457FE4309A0}"
EndProject
Global
	GlobalSection(SolutionConfigurationPlatforms) = preSolution
		Debug|Any CPU = Debug|Any CPU
		Release|Any CPU = Release|Any CPU
	EndGlobalSection
	GlobalSection(ProjectConfigurationPlatforms) = postSolution
		{74D9E296-B011-48A3-84ED-71CAC8AC40A8}.Debug|Any CPU.ActiveCfg = Debug|Any CPU
		{74D9E296-B011-48A3-84ED-71CAC8AC40A8}.Debug|Any CPU.Build.0 = Debug|Any CPU
		{74D9E296-B011-48A3-84ED-71CAC8AC40A8}.Release|Any CPU.ActiveCfg = Release|Any CPU
		{74D9E296-B011-48A3-84ED-71CAC8AC40A8}.Release|Any CPU.Build.0 = Release|Any CPU
		{1BAEB8FB-C03F-4CF9-BBBF-1EB9631DBA1A}.Debug|Any CPU.ActiveCfg = Debug|Any CPU
		{1BAEB8FB-C03F-4CF9-BBBF-1EB9631DBA1A}.Debug|Any CPU.Build.0 = Debug|Any CPU
		{1BAEB8FB-C03F-4CF9-BBBF-1EB9631DBA1A}.Release|Any CPU.ActiveCfg = Release|Any CPU
		{1BAEB8FB-C03F-4CF9-BBBF-1EB9631DBA1A}.Release|Any CPU.Build.0 = Release|Any CPU
		{4C453B19-DBDF-41F1-AD11-3457FE4309A0}.Debug|Any CPU.ActiveCfg = Debug|Any CPU
		{4C453B19-DBDF-41F1-AD11-3457FE4309A0}.Debug|Any CPU.Build.0 = Debug|Any CPU
		{4C453B19-DBDF-41F1-AD11-3457FE4309A0}.Release|Any CPU.ActiveCfg = Release|Any CPU
		{4C453B19-DBDF-41F1-AD11-3457FE4309A0}.Release|Any CPU.Build.0 = Release|Any CPU
	EndGlobalSection
	GlobalSection(SolutionProperties) = preSolution
		HideSolutionNode = FALSE
	EndGlobalSection
	GlobalSection(ExtensibilityGlobals) = postSolution
		SolutionGuid = {9708D316-07F4-49D4-857F-A1DA25333A3B}
	EndGlobalSection
EndGlobal
